
Microsoft Visual Studio Solution File, Format Version 12.00
# Visual Studio Version 16
VisualStudioVersion = 16.0.29215.179
MinimumVisualStudioVersion = 10.0.40219.1
Project("{FAE04EC0-301F-11D3-BF4B-00C04F79EFBC}") = "doTimeTable", "doTimeTable\doTimeTable.csproj", "{0F60253B-5A05-443C-8988-3DEB0279A16C}"
EndProject
Project("{54435603-DBB4-11D2-8724-00A0C9A8B90C}") = "doTimeTableSetup", "doTimeTableSetup\doTimeTableSetup.vdproj", "{99A4A24B-268E-4AA6-A306-65F89653AAF6}"
EndProject
Global
	GlobalSection(SolutionConfigurationPlatforms) = preSolution
		Debug|Any CPU = Debug|Any CPU
		Debug|x64 = Debug|x64
		Release|Any CPU = Release|Any CPU
		Release|x64 = Release|x64
	EndGlobalSection
	GlobalSection(ProjectConfigurationPlatforms) = postSolution
		{0F60253B-5A05-443C-8988-3DEB0279A16C}.Debug|Any CPU.ActiveCfg = Debug|Any CPU
		{0F60253B-5A05-443C-8988-3DEB0279A16C}.Debug|Any CPU.Build.0 = Debug|Any CPU
		{0F60253B-5A05-443C-8988-3DEB0279A16C}.Debug|x64.ActiveCfg = Debug|x64
		{0F60253B-5A05-443C-8988-3DEB0279A16C}.Debug|x64.Build.0 = Debug|x64
		{0F60253B-5A05-443C-8988-3DEB0279A16C}.Release|Any CPU.ActiveCfg = Release|Any CPU
		{0F60253B-5A05-443C-8988-3DEB0279A16C}.Release|Any CPU.Build.0 = Release|Any CPU
		{0F60253B-5A05-443C-8988-3DEB0279A16C}.Release|x64.ActiveCfg = Release|x64
		{0F60253B-5A05-443C-8988-3DEB0279A16C}.Release|x64.Build.0 = Release|x64
		{99A4A24B-268E-4AA6-A306-65F89653AAF6}.Debug|Any CPU.ActiveCfg = Debug
		{99A4A24B-268E-4AA6-A306-65F89653AAF6}.Debug|x64.ActiveCfg = Debug
		{99A4A24B-268E-4AA6-A306-65F89653AAF6}.Release|Any CPU.ActiveCfg = Release
		{99A4A24B-268E-4AA6-A306-65F89653AAF6}.Release|x64.ActiveCfg = Release
	EndGlobalSection
	GlobalSection(SolutionProperties) = preSolution
		HideSolutionNode = FALSE
	EndGlobalSection
	GlobalSection(ExtensibilityGlobals) = postSolution
		SolutionGuid = {C86178C1-C644-4D45-A3D8-A803CE13E77F}
	EndGlobalSection
EndGlobal
